// !$*UTF8*$!
{
	archiveVersion = 1;
	classes = {
	};
	objectVersion = 77;
	objects = {

/* Begin PBXContainerItemProxy section */
		9AC3E3152D9B4085004A1865 /* PBXContainerItemProxy */ = {
			isa = PBXContainerItemProxy;
			containerPortal = 9AC3E2FB2D9B4084004A1865 /* Project object */;
			proxyType = 1;
			remoteGlobalIDString = 9AC3E3022D9B4084004A1865;
			remoteInfo = "Unofficial-SwiftUI-Wrapper-for-YouTube-IFrame-Player-API";
		};
		9AC3E31F2D9B4085004A1865 /* PBXContainerItemProxy */ = {
			isa = PBXContainerItemProxy;
			containerPortal = 9AC3E2FB2D9B4084004A1865 /* Project object */;
			proxyType = 1;
			remoteGlobalIDString = 9AC3E3022D9B4084004A1865;
			remoteInfo = "Unofficial-SwiftUI-Wrapper-for-YouTube-IFrame-Player-API";
		};
/* End PBXContainerItemProxy section */

/* Begin PBXFileReference section */
		9AC3E3032D9B4084004A1865 /* Unofficial-SwiftUI-Wrapper-for-YouTube-IFrame-Player-API.app */ = {isa = PBXFileReference; explicitFileType = wrapper.application; includeInIndex = 0; path = "Unofficial-SwiftUI-Wrapper-for-YouTube-IFrame-Player-API.app"; sourceTree = BUILT_PRODUCTS_DIR; };
		9AC3E3142D9B4085004A1865 /* Unofficial-SwiftUI-Wrapper-for-YouTube-IFrame-Player-APITests.xctest */ = {isa = PBXFileReference; explicitFileType = wrapper.cfbundle; includeInIndex = 0; path = "Unofficial-SwiftUI-Wrapper-for-YouTube-IFrame-Player-APITests.xctest"; sourceTree = BUILT_PRODUCTS_DIR; };
		9AC3E31E2D9B4085004A1865 /* Unofficial-SwiftUI-Wrapper-for-YouTube-IFrame-Player-APIUITests.xctest */ = {isa = PBXFileReference; explicitFileType = wrapper.cfbundle; includeInIndex = 0; path = "Unofficial-SwiftUI-Wrapper-for-YouTube-IFrame-Player-APIUITests.xctest"; sourceTree = BUILT_PRODUCTS_DIR; };
/* End PBXFileReference section */

/* Begin PBXFileSystemSynchronizedRootGroup section */
		9AC3E3052D9B4084004A1865 /* Unofficial-SwiftUI-Wrapper-for-YouTube-IFrame-Player-API */ = {
			isa = PBXFileSystemSynchronizedRootGroup;
			path = "Unofficial-SwiftUI-Wrapper-for-YouTube-IFrame-Player-API";
			sourceTree = "<group>";
		};
		9AC3E3172D9B4085004A1865 /* Unofficial-SwiftUI-Wrapper-for-YouTube-IFrame-Player-APITests */ = {
			isa = PBXFileSystemSynchronizedRootGroup;
			path = "Unofficial-SwiftUI-Wrapper-for-YouTube-IFrame-Player-APITests";
			sourceTree = "<group>";
		};
		9AC3E3212D9B4085004A1865 /* Unofficial-SwiftUI-Wrapper-for-YouTube-IFrame-Player-APIUITests */ = {
			isa = PBXFileSystemSynchronizedRootGroup;
			path = "Unofficial-SwiftUI-Wrapper-for-YouTube-IFrame-Player-APIUITests";
			sourceTree = "<group>";
		};
/* End PBXFileSystemSynchronizedRootGroup section */

/* Begin PBXFrameworksBuildPhase section */
		9AC3E3002D9B4084004A1865 /* Frameworks */ = {
			isa = PBXFrameworksBuildPhase;
			buildActionMask = 2147483647;
			files = (
			);
			runOnlyForDeploymentPostprocessing = 0;
		};
		9AC3E3112D9B4085004A1865 /* Frameworks */ = {
			isa = PBXFrameworksBuildPhase;
			buildActionMask = 2147483647;
			files = (
			);
			runOnlyForDeploymentPostprocessing = 0;
		};
		9AC3E31B2D9B4085004A1865 /* Frameworks */ = {
			isa = PBXFrameworksBuildPhase;
			buildActionMask = 2147483647;
			files = (
			);
			runOnlyForDeploymentPostprocessing = 0;
		};
/* End PBXFrameworksBuildPhase section */

/* Begin PBXGroup section */
		9AC3E2FA2D9B4084004A1865 = {
			isa = PBXGroup;
			children = (
				9AC3E3052D9B4084004A1865 /* Unofficial-SwiftUI-Wrapper-for-YouTube-IFrame-Player-API */,
				9AC3E3172D9B4085004A1865 /* Unofficial-SwiftUI-Wrapper-for-YouTube-IFrame-Player-APITests */,
				9AC3E3212D9B4085004A1865 /* Unofficial-SwiftUI-Wrapper-for-YouTube-IFrame-Player-APIUITests */,
				9AC3E3042D9B4084004A1865 /* Products */,
			);
			sourceTree = "<group>";
		};
		9AC3E3042D9B4084004A1865 /* Products */ = {
			isa = PBXGroup;
			children = (
				9AC3E3032D9B4084004A1865 /* Unofficial-SwiftUI-Wrapper-for-YouTube-IFrame-Player-API.app */,
				9AC3E3142D9B4085004A1865 /* Unofficial-SwiftUI-Wrapper-for-YouTube-IFrame-Player-APITests.xctest */,
				9AC3E31E2D9B4085004A1865 /* Unofficial-SwiftUI-Wrapper-for-YouTube-IFrame-Player-APIUITests.xctest */,
			);
			name = Products;
			sourceTree = "<group>";
		};
/* End PBXGroup section */

/* Begin PBXNativeTarget section */
		9AC3E3022D9B4084004A1865 /* Unofficial-SwiftUI-Wrapper-for-YouTube-IFrame-Player-API */ = {
			isa = PBXNativeTarget;
			buildConfigurationList = 9AC3E3282D9B4085004A1865 /* Build configuration list for PBXNativeTarget "Unofficial-SwiftUI-Wrapper-for-YouTube-IFrame-Player-API" */;
			buildPhases = (
				9AC3E2FF2D9B4084004A1865 /* Sources */,
				9AC3E3002D9B4084004A1865 /* Frameworks */,
				9AC3E3012D9B4084004A1865 /* Resources */,
			);
			buildRules = (
			);
			dependencies = (
			);
			fileSystemSynchronizedGroups = (
				9AC3E3052D9B4084004A1865 /* Unofficial-SwiftUI-Wrapper-for-YouTube-IFrame-Player-API */,
			);
			name = "Unofficial-SwiftUI-Wrapper-for-YouTube-IFrame-Player-API";
			packageProductDependencies = (
			);
			productName = "Unofficial-SwiftUI-Wrapper-for-YouTube-IFrame-Player-API";
			productReference = 9AC3E3032D9B4084004A1865 /* Unofficial-SwiftUI-Wrapper-for-YouTube-IFrame-Player-API.app */;
			productType = "com.apple.product-type.application";
		};
		9AC3E3132D9B4085004A1865 /* Unofficial-SwiftUI-Wrapper-for-YouTube-IFrame-Player-APITests */ = {
			isa = PBXNativeTarget;
			buildConfigurationList = 9AC3E32B2D9B4085004A1865 /* Build configuration list for PBXNativeTarget "Unofficial-SwiftUI-Wrapper-for-YouTube-IFrame-Player-APITests" */;
			buildPhases = (
				9AC3E3102D9B4085004A1865 /* Sources */,
				9AC3E3112D9B4085004A1865 /* Frameworks */,
				9AC3E3122D9B4085004A1865 /* Resources */,
			);
			buildRules = (
			);
			dependencies = (
				9AC3E3162D9B4085004A1865 /* PBXTargetDependency */,
			);
			fileSystemSynchronizedGroups = (
				9AC3E3172D9B4085004A1865 /* Unofficial-SwiftUI-Wrapper-for-YouTube-IFrame-Player-APITests */,
			);
			name = "Unofficial-SwiftUI-Wrapper-for-YouTube-IFrame-Player-APITests";
			packageProductDependencies = (
			);
			productName = "Unofficial-SwiftUI-Wrapper-for-YouTube-IFrame-Player-APITests";
			productReference = 9AC3E3142D9B4085004A1865 /* Unofficial-SwiftUI-Wrapper-for-YouTube-IFrame-Player-APITests.xctest */;
			productType = "com.apple.product-type.bundle.unit-test";
		};
		9AC3E31D2D9B4085004A1865 /* Unofficial-SwiftUI-Wrapper-for-YouTube-IFrame-Player-APIUITests */ = {
			isa = PBXNativeTarget;
			buildConfigurationList = 9AC3E32E2D9B4085004A1865 /* Build configuration list for PBXNativeTarget "Unofficial-SwiftUI-Wrapper-for-YouTube-IFrame-Player-APIUITests" */;
			buildPhases = (
				9AC3E31A2D9B4085004A1865 /* Sources */,
				9AC3E31B2D9B4085004A1865 /* Frameworks */,
				9AC3E31C2D9B4085004A1865 /* Resources */,
			);
			buildRules = (
			);
			dependencies = (
				9AC3E3202D9B4085004A1865 /* PBXTargetDependency */,
			);
			fileSystemSynchronizedGroups = (
				9AC3E3212D9B4085004A1865 /* Unofficial-SwiftUI-Wrapper-for-YouTube-IFrame-Player-APIUITests */,
			);
			name = "Unofficial-SwiftUI-Wrapper-for-YouTube-IFrame-Player-APIUITests";
			packageProductDependencies = (
			);
			productName = "Unofficial-SwiftUI-Wrapper-for-YouTube-IFrame-Player-APIUITests";
			productReference = 9AC3E31E2D9B4085004A1865 /* Unofficial-SwiftUI-Wrapper-for-YouTube-IFrame-Player-APIUITests.xctest */;
			productType = "com.apple.product-type.bundle.ui-testing";
		};
/* End PBXNativeTarget section */

/* Begin PBXProject section */
		9AC3E2FB2D9B4084004A1865 /* Project object */ = {
			isa = PBXProject;
			attributes = {
				BuildIndependentTargetsInParallel = 1;
				LastSwiftUpdateCheck = 1620;
				LastUpgradeCheck = 1620;
				TargetAttributes = {
					9AC3E3022D9B4084004A1865 = {
						CreatedOnToolsVersion = 16.2;
					};
					9AC3E3132D9B4085004A1865 = {
						CreatedOnToolsVersion = 16.2;
						TestTargetID = 9AC3E3022D9B4084004A1865;
					};
					9AC3E31D2D9B4085004A1865 = {
						CreatedOnToolsVersion = 16.2;
						TestTargetID = 9AC3E3022D9B4084004A1865;
					};
				};
			};
			buildConfigurationList = 9AC3E2FE2D9B4084004A1865 /* Build configuration list for PBXProject "Unofficial-SwiftUI-Wrapper-for-YouTube-IFrame-Player-API" */;
			developmentRegion = en;
			hasScannedForEncodings = 0;
			knownRegions = (
				en,
				Base,
			);
			mainGroup = 9AC3E2FA2D9B4084004A1865;
			minimizedProjectReferenceProxies = 1;
			preferredProjectObjectVersion = 77;
			productRefGroup = 9AC3E3042D9B4084004A1865 /* Products */;
			projectDirPath = "";
			projectRoot = "";
			targets = (
				9AC3E3022D9B4084004A1865 /* Unofficial-SwiftUI-Wrapper-for-YouTube-IFrame-Player-API */,
				9AC3E3132D9B4085004A1865 /* Unofficial-SwiftUI-Wrapper-for-YouTube-IFrame-Player-APITests */,
				9AC3E31D2D9B4085004A1865 /* Unofficial-SwiftUI-Wrapper-for-YouTube-IFrame-Player-APIUITests */,
			);
		};
/* End PBXProject section */

/* Begin PBXResourcesBuildPhase section */
		9AC3E3012D9B4084004A1865 /* Resources */ = {
			isa = PBXResourcesBuildPhase;
			buildActionMask = 2147483647;
			files = (
			);
			runOnlyForDeploymentPostprocessing = 0;
		};
		9AC3E3122D9B4085004A1865 /* Resources */ = {
			isa = PBXResourcesBuildPhase;
			buildActionMask = 2147483647;
			files = (
			);
			runOnlyForDeploymentPostprocessing = 0;
		};
		9AC3E31C2D9B4085004A1865 /* Resources */ = {
			isa = PBXResourcesBuildPhase;
			buildActionMask = 2147483647;
			files = (
			);
			runOnlyForDeploymentPostprocessing = 0;
		};
/* End PBXResourcesBuildPhase section */

/* Begin PBXSourcesBuildPhase section */
		9AC3E2FF2D9B4084004A1865 /* Sources */ = {
			isa = PBXSourcesBuildPhase;
			buildActionMask = 2147483647;
			files = (
			);
			runOnlyForDeploymentPostprocessing = 0;
		};
		9AC3E3102D9B4085004A1865 /* Sources */ = {
			isa = PBXSourcesBuildPhase;
			buildActionMask = 2147483647;
			files = (
			);
			runOnlyForDeploymentPostprocessing = 0;
		};
		9AC3E31A2D9B4085004A1865 /* Sources */ = {
			isa = PBXSourcesBuildPhase;
			buildActionMask = 2147483647;
			files = (
			);
			runOnlyForDeploymentPostprocessing = 0;
		};
/* End PBXSourcesBuildPhase section */

/* Begin PBXTargetDependency section */
		9AC3E3162D9B4085004A1865 /* PBXTargetDependency */ = {
			isa = PBXTargetDependency;
			target = 9AC3E3022D9B4084004A1865 /* Unofficial-SwiftUI-Wrapper-for-YouTube-IFrame-Player-API */;
			targetProxy = 9AC3E3152D9B4085004A1865 /* PBXContainerItemProxy */;
		};
		9AC3E3202D9B4085004A1865 /* PBXTargetDependency */ = {
			isa = PBXTargetDependency;
			target = 9AC3E3022D9B4084004A1865 /* Unofficial-SwiftUI-Wrapper-for-YouTube-IFrame-Player-API */;
			targetProxy = 9AC3E31F2D9B4085004A1865 /* PBXContainerItemProxy */;
		};
/* End PBXTargetDependency section */

/* Begin XCBuildConfiguration section */
		9AC3E3262D9B4085004A1865 /* Debug */ = {
			isa = XCBuildConfiguration;
			buildSettings = {
				ALWAYS_SEARCH_USER_PATHS = NO;
				ASSETCATALOG_COMPILER_GENERATE_SWIFT_ASSET_SYMBOL_EXTENSIONS = YES;
				CLANG_ANALYZER_NONNULL = YES;
				CLANG_ANALYZER_NUMBER_OBJECT_CONVERSION = YES_AGGRESSIVE;
				CLANG_CXX_LANGUAGE_STANDARD = "gnu++20";
				CLANG_ENABLE_MODULES = YES;
				CLANG_ENABLE_OBJC_ARC = YES;
				CLANG_ENABLE_OBJC_WEAK = YES;
				CLANG_WARN_BLOCK_CAPTURE_AUTORELEASING = YES;
				CLANG_WARN_BOOL_CONVERSION = YES;
				CLANG_WARN_COMMA = YES;
				CLANG_WARN_CONSTANT_CONVERSION = YES;
				CLANG_WARN_DEPRECATED_OBJC_IMPLEMENTATIONS = YES;
				CLANG_WARN_DIRECT_OBJC_ISA_USAGE = YES_ERROR;
				CLANG_WARN_DOCUMENTATION_COMMENTS = YES;
				CLANG_WARN_EMPTY_BODY = YES;
				CLANG_WARN_ENUM_CONVERSION = YES;
				CLANG_WARN_INFINITE_RECURSION = YES;
				CLANG_WARN_INT_CONVERSION = YES;
				CLANG_WARN_NON_LITERAL_NULL_CONVERSION = YES;
				CLANG_WARN_OBJC_IMPLICIT_RETAIN_SELF = YES;
				CLANG_WARN_OBJC_LITERAL_CONVERSION = YES;
				CLANG_WARN_OBJC_ROOT_CLASS = YES_ERROR;
				CLANG_WARN_QUOTED_INCLUDE_IN_FRAMEWORK_HEADER = YES;
				CLANG_WARN_RANGE_LOOP_ANALYSIS = YES;
				CLANG_WARN_STRICT_PROTOTYPES = YES;
				CLANG_WARN_SUSPICIOUS_MOVE = YES;
				CLANG_WARN_UNGUARDED_AVAILABILITY = YES_AGGRESSIVE;
				CLANG_WARN_UNREACHABLE_CODE = YES;
				CLANG_WARN__DUPLICATE_METHOD_MATCH = YES;
				COPY_PHASE_STRIP = NO;
				DEBUG_INFORMATION_FORMAT = dwarf;
				ENABLE_STRICT_OBJC_MSGSEND = YES;
				ENABLE_TESTABILITY = YES;
				ENABLE_USER_SCRIPT_SANDBOXING = YES;
				GCC_C_LANGUAGE_STANDARD = gnu17;
				GCC_DYNAMIC_NO_PIC = NO;
				GCC_NO_COMMON_BLOCKS = YES;
				GCC_OPTIMIZATION_LEVEL = 0;
				GCC_PREPROCESSOR_DEFINITIONS = (
					"DEBUG=1",
					"$(inherited)",
				);
				GCC_WARN_64_TO_32_BIT_CONVERSION = YES;
				GCC_WARN_ABOUT_RETURN_TYPE = YES_ERROR;
				GCC_WARN_UNDECLARED_SELECTOR = YES;
				GCC_WARN_UNINITIALIZED_AUTOS = YES_AGGRESSIVE;
				GCC_WARN_UNUSED_FUNCTION = YES;
				GCC_WARN_UNUSED_VARIABLE = YES;
				LOCALIZATION_PREFERS_STRING_CATALOGS = YES;
				MTL_ENABLE_DEBUG_INFO = INCLUDE_SOURCE;
				MTL_FAST_MATH = YES;
				ONLY_ACTIVE_ARCH = YES;
				SWIFT_ACTIVE_COMPILATION_CONDITIONS = "DEBUG $(inherited)";
				SWIFT_OPTIMIZATION_LEVEL = "-Onone";
			};
			name = Debug;
		};
		9AC3E3272D9B4085004A1865 /* Release */ = {
			isa = XCBuildConfiguration;
			buildSettings = {
				ALWAYS_SEARCH_USER_PATHS = NO;
				ASSETCATALOG_COMPILER_GENERATE_SWIFT_ASSET_SYMBOL_EXTENSIONS = YES;
				CLANG_ANALYZER_NONNULL = YES;
				CLANG_ANALYZER_NUMBER_OBJECT_CONVERSION = YES_AGGRESSIVE;
				CLANG_CXX_LANGUAGE_STANDARD = "gnu++20";
				CLANG_ENABLE_MODULES = YES;
				CLANG_ENABLE_OBJC_ARC = YES;
				CLANG_ENABLE_OBJC_WEAK = YES;
				CLANG_WARN_BLOCK_CAPTURE_AUTORELEASING = YES;
				CLANG_WARN_BOOL_CONVERSION = YES;
				CLANG_WARN_COMMA = YES;
				CLANG_WARN_CONSTANT_CONVERSION = YES;
				CLANG_WARN_DEPRECATED_OBJC_IMPLEMENTATIONS = YES;
				CLANG_WARN_DIRECT_OBJC_ISA_USAGE = YES_ERROR;
				CLANG_WARN_DOCUMENTATION_COMMENTS = YES;
				CLANG_WARN_EMPTY_BODY = YES;
				CLANG_WARN_ENUM_CONVERSION = YES;
				CLANG_WARN_INFINITE_RECURSION = YES;
				CLANG_WARN_INT_CONVERSION = YES;
				CLANG_WARN_NON_LITERAL_NULL_CONVERSION = YES;
				CLANG_WARN_OBJC_IMPLICIT_RETAIN_SELF = YES;
				CLANG_WARN_OBJC_LITERAL_CONVERSION = YES;
				CLANG_WARN_OBJC_ROOT_CLASS = YES_ERROR;
				CLANG_WARN_QUOTED_INCLUDE_IN_FRAMEWORK_HEADER = YES;
				CLANG_WARN_RANGE_LOOP_ANALYSIS = YES;
				CLANG_WARN_STRICT_PROTOTYPES = YES;
				CLANG_WARN_SUSPICIOUS_MOVE = YES;
				CLANG_WARN_UNGUARDED_AVAILABILITY = YES_AGGRESSIVE;
				CLANG_WARN_UNREACHABLE_CODE = YES;
				CLANG_WARN__DUPLICATE_METHOD_MATCH = YES;
				COPY_PHASE_STRIP = NO;
				DEBUG_INFORMATION_FORMAT = "dwarf-with-dsym";
				ENABLE_NS_ASSERTIONS = NO;
				ENABLE_STRICT_OBJC_MSGSEND = YES;
				ENABLE_USER_SCRIPT_SANDBOXING = YES;
				GCC_C_LANGUAGE_STANDARD = gnu17;
				GCC_NO_COMMON_BLOCKS = YES;
				GCC_WARN_64_TO_32_BIT_CONVERSION = YES;
				GCC_WARN_ABOUT_RETURN_TYPE = YES_ERROR;
				GCC_WARN_UNDECLARED_SELECTOR = YES;
				GCC_WARN_UNINITIALIZED_AUTOS = YES_AGGRESSIVE;
				GCC_WARN_UNUSED_FUNCTION = YES;
				GCC_WARN_UNUSED_VARIABLE = YES;
				LOCALIZATION_PREFERS_STRING_CATALOGS = YES;
				MTL_ENABLE_DEBUG_INFO = NO;
				MTL_FAST_MATH = YES;
				SWIFT_COMPILATION_MODE = wholemodule;
			};
			name = Release;
		};
		9AC3E3292D9B4085004A1865 /* Debug */ = {
			isa = XCBuildConfiguration;
			buildSettings = {
				ASSETCATALOG_COMPILER_APPICON_NAME = AppIcon;
				ASSETCATALOG_COMPILER_GLOBAL_ACCENT_COLOR_NAME = AccentColor;
				CODE_SIGN_ENTITLEMENTS = "Unofficial-SwiftUI-Wrapper-for-YouTube-IFrame-Player-API/Unofficial_SwiftUI_Wrapper_for_YouTube_IFrame_Player_API.entitlements";
				CODE_SIGN_STYLE = Automatic;
				CURRENT_PROJECT_VERSION = 1;
				DEVELOPMENT_ASSET_PATHS = "\"Unofficial-SwiftUI-Wrapper-for-YouTube-IFrame-Player-API/Preview Content\"";
				DEVELOPMENT_TEAM = 99WD9D6Y46;
				ENABLE_HARDENED_RUNTIME = YES;
				ENABLE_PREVIEWS = YES;
				GENERATE_INFOPLIST_FILE = YES;
				"INFOPLIST_KEY_UIApplicationSceneManifest_Generation[sdk=iphoneos*]" = YES;
				"INFOPLIST_KEY_UIApplicationSceneManifest_Generation[sdk=iphonesimulator*]" = YES;
				"INFOPLIST_KEY_UIApplicationSupportsIndirectInputEvents[sdk=iphoneos*]" = YES;
				"INFOPLIST_KEY_UIApplicationSupportsIndirectInputEvents[sdk=iphonesimulator*]" = YES;
				"INFOPLIST_KEY_UILaunchScreen_Generation[sdk=iphoneos*]" = YES;
				"INFOPLIST_KEY_UILaunchScreen_Generation[sdk=iphonesimulator*]" = YES;
				"INFOPLIST_KEY_UIStatusBarStyle[sdk=iphoneos*]" = UIStatusBarStyleDefault;
				"INFOPLIST_KEY_UIStatusBarStyle[sdk=iphonesimulator*]" = UIStatusBarStyleDefault;
				INFOPLIST_KEY_UISupportedInterfaceOrientations_iPad = "UIInterfaceOrientationPortrait UIInterfaceOrientationPortraitUpsideDown UIInterfaceOrientationLandscapeLeft UIInterfaceOrientationLandscapeRight";
				INFOPLIST_KEY_UISupportedInterfaceOrientations_iPhone = "UIInterfaceOrientationPortrait UIInterfaceOrientationLandscapeLeft UIInterfaceOrientationLandscapeRight";
				IPHONEOS_DEPLOYMENT_TARGET = 18.2;
				LD_RUNPATH_SEARCH_PATHS = "@executable_path/Frameworks";
				"LD_RUNPATH_SEARCH_PATHS[sdk=macosx*]" = "@executable_path/../Frameworks";
				MACOSX_DEPLOYMENT_TARGET = 15.2;
				MARKETING_VERSION = 1.0;
				PRODUCT_BUNDLE_IDENTIFIER = "tech.CongLeSolutionX.Unofficial-SwiftUI-Wrapper-for-YouTube-IFrame-Player-API";
				PRODUCT_NAME = "$(TARGET_NAME)";
				SDKROOT = auto;
				SUPPORTED_PLATFORMS = "iphoneos iphonesimulator macosx xros xrsimulator";
				SWIFT_EMIT_LOC_STRINGS = YES;
				SWIFT_VERSION = 5.0;
				TARGETED_DEVICE_FAMILY = "1,2,7";
				XROS_DEPLOYMENT_TARGET = 2.2;
			};
			name = Debug;
		};
		9AC3E32A2D9B4085004A1865 /* Release */ = {
			isa = XCBuildConfiguration;
			buildSettings = {
				ASSETCATALOG_COMPILER_APPICON_NAME = AppIcon;
				ASSETCATALOG_COMPILER_GLOBAL_ACCENT_COLOR_NAME = AccentColor;
				CODE_SIGN_ENTITLEMENTS = "Unofficial-SwiftUI-Wrapper-for-YouTube-IFrame-Player-API/Unofficial_SwiftUI_Wrapper_for_YouTube_IFrame_Player_API.entitlements";
				CODE_SIGN_STYLE = Automatic;
				CURRENT_PROJECT_VERSION = 1;
				DEVELOPMENT_ASSET_PATHS = "\"Unofficial-SwiftUI-Wrapper-for-YouTube-IFrame-Player-API/Preview Content\"";
				DEVELOPMENT_TEAM = 99WD9D6Y46;
				ENABLE_HARDENED_RUNTIME = YES;
				ENABLE_PREVIEWS = YES;
				GENERATE_INFOPLIST_FILE = YES;
				"INFOPLIST_KEY_UIApplicationSceneManifest_Generation[sdk=iphoneos*]" = YES;
				"INFOPLIST_KEY_UIApplicationSceneManifest_Generation[sdk=iphonesimulator*]" = YES;
				"INFOPLIST_KEY_UIApplicationSupportsIndirectInputEvents[sdk=iphoneos*]" = YES;
				"INFOPLIST_KEY_UIApplicationSupportsIndirectInputEvents[sdk=iphonesimulator*]" = YES;
				"INFOPLIST_KEY_UILaunchScreen_Generation[sdk=iphoneos*]" = YES;
				"INFOPLIST_KEY_UILaunchScreen_Generation[sdk=iphonesimulator*]" = YES;
				"INFOPLIST_KEY_UIStatusBarStyle[sdk=iphoneos*]" = UIStatusBarStyleDefault;
				"INFOPLIST_KEY_UIStatusBarStyle[sdk=iphonesimulator*]" = UIStatusBarStyleDefault;
				INFOPLIST_KEY_UISupportedInterfaceOrientations_iPad = "UIInterfaceOrientationPortrait UIInterfaceOrientationPortraitUpsideDown UIInterfaceOrientationLandscapeLeft UIInterfaceOrientationLandscapeRight";
				INFOPLIST_KEY_UISupportedInterfaceOrientations_iPhone = "UIInterfaceOrientationPortrait UIInterfaceOrientationLandscapeLeft UIInterfaceOrientationLandscapeRight";
				IPHONEOS_DEPLOYMENT_TARGET = 18.2;
				LD_RUNPATH_SEARCH_PATHS = "@executable_path/Frameworks";
				"LD_RUNPATH_SEARCH_PATHS[sdk=macosx*]" = "@executable_path/../Frameworks";
				MACOSX_DEPLOYMENT_TARGET = 15.2;
				MARKETING_VERSION = 1.0;
				PRODUCT_BUNDLE_IDENTIFIER = "tech.CongLeSolutionX.Unofficial-SwiftUI-Wrapper-for-YouTube-IFrame-Player-API";
				PRODUCT_NAME = "$(TARGET_NAME)";
				SDKROOT = auto;
				SUPPORTED_PLATFORMS = "iphoneos iphonesimulator macosx xros xrsimulator";
				SWIFT_EMIT_LOC_STRINGS = YES;
				SWIFT_VERSION = 5.0;
				TARGETED_DEVICE_FAMILY = "1,2,7";
				XROS_DEPLOYMENT_TARGET = 2.2;
			};
			name = Release;
		};
		9AC3E32C2D9B4085004A1865 /* Debug */ = {
			isa = XCBuildConfiguration;
			buildSettings = {
				BUNDLE_LOADER = "$(TEST_HOST)";
				CODE_SIGN_STYLE = Automatic;
				CURRENT_PROJECT_VERSION = 1;
				DEVELOPMENT_TEAM = 99WD9D6Y46;
				GENERATE_INFOPLIST_FILE = YES;
				IPHONEOS_DEPLOYMENT_TARGET = 18.2;
				MACOSX_DEPLOYMENT_TARGET = 15.2;
				MARKETING_VERSION = 1.0;
				PRODUCT_BUNDLE_IDENTIFIER = "tech.CongLeSolutionX.Unofficial-SwiftUI-Wrapper-for-YouTube-IFrame-Player-APITests";
				PRODUCT_NAME = "$(TARGET_NAME)";
				SDKROOT = auto;
				SUPPORTED_PLATFORMS = "iphoneos iphonesimulator macosx xros xrsimulator";
				SWIFT_EMIT_LOC_STRINGS = NO;
				SWIFT_VERSION = 5.0;
				TARGETED_DEVICE_FAMILY = "1,2,7";
				TEST_HOST = "$(BUILT_PRODUCTS_DIR)/Unofficial-SwiftUI-Wrapper-for-YouTube-IFrame-Player-API.app/$(BUNDLE_EXECUTABLE_FOLDER_PATH)/Unofficial-SwiftUI-Wrapper-for-YouTube-IFrame-Player-API";
				XROS_DEPLOYMENT_TARGET = 2.2;
			};
			name = Debug;
		};
		9AC3E32D2D9B4085004A1865 /* Release */ = {
			isa = XCBuildConfiguration;
			buildSettings = {
				BUNDLE_LOADER = "$(TEST_HOST)";
				CODE_SIGN_STYLE = Automatic;
				CURRENT_PROJECT_VERSION = 1;
				DEVELOPMENT_TEAM = 99WD9D6Y46;
				GENERATE_INFOPLIST_FILE = YES;
				IPHONEOS_DEPLOYMENT_TARGET = 18.2;
				MACOSX_DEPLOYMENT_TARGET = 15.2;
				MARKETING_VERSION = 1.0;
				PRODUCT_BUNDLE_IDENTIFIER = "tech.CongLeSolutionX.Unofficial-SwiftUI-Wrapper-for-YouTube-IFrame-Player-APITests";
				PRODUCT_NAME = "$(TARGET_NAME)";
				SDKROOT = auto;
				SUPPORTED_PLATFORMS = "iphoneos iphonesimulator macosx xros xrsimulator";
				SWIFT_EMIT_LOC_STRINGS = NO;
				SWIFT_VERSION = 5.0;
				TARGETED_DEVICE_FAMILY = "1,2,7";
				TEST_HOST = "$(BUILT_PRODUCTS_DIR)/Unofficial-SwiftUI-Wrapper-for-YouTube-IFrame-Player-API.app/$(BUNDLE_EXECUTABLE_FOLDER_PATH)/Unofficial-SwiftUI-Wrapper-for-YouTube-IFrame-Player-API";
				XROS_DEPLOYMENT_TARGET = 2.2;
			};
			name = Release;
		};
		9AC3E32F2D9B4085004A1865 /* Debug */ = {
			isa = XCBuildConfiguration;
			buildSettings = {
				CODE_SIGN_STYLE = Automatic;
				CURRENT_PROJECT_VERSION = 1;
				DEVELOPMENT_TEAM = 99WD9D6Y46;
				GENERATE_INFOPLIST_FILE = YES;
				IPHONEOS_DEPLOYMENT_TARGET = 18.2;
				MACOSX_DEPLOYMENT_TARGET = 15.2;
				MARKETING_VERSION = 1.0;
				PRODUCT_BUNDLE_IDENTIFIER = "tech.CongLeSolutionX.Unofficial-SwiftUI-Wrapper-for-YouTube-IFrame-Player-APIUITests";
				PRODUCT_NAME = "$(TARGET_NAME)";
				SDKROOT = auto;
				SUPPORTED_PLATFORMS = "iphoneos iphonesimulator macosx xros xrsimulator";
				SWIFT_EMIT_LOC_STRINGS = NO;
				SWIFT_VERSION = 5.0;
				TARGETED_DEVICE_FAMILY = "1,2,7";
				TEST_TARGET_NAME = "Unofficial-SwiftUI-Wrapper-for-YouTube-IFrame-Player-API";
				XROS_DEPLOYMENT_TARGET = 2.2;
			};
			name = Debug;
		};
		9AC3E3302D9B4085004A1865 /* Release */ = {
			isa = XCBuildConfiguration;
			buildSettings = {
				CODE_SIGN_STYLE = Automatic;
				CURRENT_PROJECT_VERSION = 1;
				DEVELOPMENT_TEAM = 99WD9D6Y46;
				GENERATE_INFOPLIST_FILE = YES;
				IPHONEOS_DEPLOYMENT_TARGET = 18.2;
				MACOSX_DEPLOYMENT_TARGET = 15.2;
				MARKETING_VERSION = 1.0;
				PRODUCT_BUNDLE_IDENTIFIER = "tech.CongLeSolutionX.Unofficial-SwiftUI-Wrapper-for-YouTube-IFrame-Player-APIUITests";
				PRODUCT_NAME = "$(TARGET_NAME)";
				SDKROOT = auto;
				SUPPORTED_PLATFORMS = "iphoneos iphonesimulator macosx xros xrsimulator";
				SWIFT_EMIT_LOC_STRINGS = NO;
				SWIFT_VERSION = 5.0;
				TARGETED_DEVICE_FAMILY = "1,2,7";
				TEST_TARGET_NAME = "Unofficial-SwiftUI-Wrapper-for-YouTube-IFrame-Player-API";
				XROS_DEPLOYMENT_TARGET = 2.2;
			};
			name = Release;
		};
/* End XCBuildConfiguration section */

/* Begin XCConfigurationList section */
		9AC3E2FE2D9B4084004A1865 /* Build configuration list for PBXProject "Unofficial-SwiftUI-Wrapper-for-YouTube-IFrame-Player-API" */ = {
			isa = XCConfigurationList;
			buildConfigurations = (
				9AC3E3262D9B4085004A1865 /* Debug */,
				9AC3E3272D9B4085004A1865 /* Release */,
			);
			defaultConfigurationIsVisible = 0;
			defaultConfigurationName = Release;
		};
		9AC3E3282D9B4085004A1865 /* Build configuration list for PBXNativeTarget "Unofficial-SwiftUI-Wrapper-for-YouTube-IFrame-Player-API" */ = {
			isa = XCConfigurationList;
			buildConfigurations = (
				9AC3E3292D9B4085004A1865 /* Debug */,
				9AC3E32A2D9B4085004A1865 /* Release */,
			);
			defaultConfigurationIsVisible = 0;
			defaultConfigurationName = Release;
		};
		9AC3E32B2D9B4085004A1865 /* Build configuration list for PBXNativeTarget "Unofficial-SwiftUI-Wrapper-for-YouTube-IFrame-Player-APITests" */ = {
			isa = XCConfigurationList;
			buildConfigurations = (
				9AC3E32C2D9B4085004A1865 /* Debug */,
				9AC3E32D2D9B4085004A1865 /* Release */,
			);
			defaultConfigurationIsVisible = 0;
			defaultConfigurationName = Release;
		};
		9AC3E32E2D9B4085004A1865 /* Build configuration list for PBXNativeTarget "Unofficial-SwiftUI-Wrapper-for-YouTube-IFrame-Player-APIUITests" */ = {
			isa = XCConfigurationList;
			buildConfigurations = (
				9AC3E32F2D9B4085004A1865 /* Debug */,
				9AC3E3302D9B4085004A1865 /* Release */,
			);
			defaultConfigurationIsVisible = 0;
			defaultConfigurationName = Release;
		};
/* End XCConfigurationList section */
	};
	rootObject = 9AC3E2FB2D9B4084004A1865 /* Project object */;
}
